
Microsoft Visual Studio Solution File, Format Version 12.00
# Visual Studio Version 17
VisualStudioVersion = 17.5.33103.201
MinimumVisualStudioVersion = 10.0.40219.1
Project("{9A19103F-16F7-4668-BE54-9A1E7A4F7556}") = "Veldrid.Maui.Controls", "Veldrid.Maui.Controls\Veldrid.Maui.Controls.csproj", "{51FEBCA8-9CB6-4045-A479-5F484CB6CA3B}"
EndProject
Project("{9A19103F-16F7-4668-BE54-9A1E7A4F7556}") = "Veldrid.Maui.Samples.Core", "Veldrid.Maui.Samples.Core\Veldrid.Maui.Samples.Core.csproj", "{7760F20E-4BF8-46D2-B039-466B23337284}"
EndProject
Project("{9A19103F-16F7-4668-BE54-9A1E7A4F7556}") = "Veldrid.Maui.Samples", "Veldrid.Maui.Samples\Veldrid.Maui.Samples.csproj", "{2E1C29E1-59D2-4E3D-9FDA-0E8DEF8CD24C}"
EndProject
Global
	GlobalSection(SolutionConfigurationPlatforms) = preSolution
		Debug|Any CPU = Debug|Any CPU
		Release|Any CPU = Release|Any CPU
	EndGlobalSection
	GlobalSection(ProjectConfigurationPlatforms) = postSolution
		{51FEBCA8-9CB6-4045-A479-5F484CB6CA3B}.Debug|Any CPU.ActiveCfg = Debug|Any CPU
		{51FEBCA8-9CB6-4045-A479-5F484CB6CA3B}.Debug|Any CPU.Build.0 = Debug|Any CPU
		{51FEBCA8-9CB6-4045-A479-5F484CB6CA3B}.Release|Any CPU.ActiveCfg = Release|Any CPU
		{51FEBCA8-9CB6-4045-A479-5F484CB6CA3B}.Release|Any CPU.Build.0 = Release|Any CPU
		{7760F20E-4BF8-46D2-B039-466B23337284}.Debug|Any CPU.ActiveCfg = Debug|Any CPU
		{7760F20E-4BF8-46D2-B039-466B23337284}.Debug|Any CPU.Build.0 = Debug|Any CPU
		{7760F20E-4BF8-46D2-B039-466B23337284}.Release|Any CPU.ActiveCfg = Release|Any CPU
		{7760F20E-4BF8-46D2-B039-466B23337284}.Release|Any CPU.Build.0 = Release|Any CPU
		{2E1C29E1-59D2-4E3D-9FDA-0E8DEF8CD24C}.Debug|Any CPU.ActiveCfg = Debug|Any CPU
		{2E1C29E1-59D2-4E3D-9FDA-0E8DEF8CD24C}.Debug|Any CPU.Build.0 = Debug|Any CPU
		{2E1C29E1-59D2-4E3D-9FDA-0E8DEF8CD24C}.Debug|Any CPU.Deploy.0 = Debug|Any CPU
		{2E1C29E1-59D2-4E3D-9FDA-0E8DEF8CD24C}.Release|Any CPU.ActiveCfg = Release|Any CPU
		{2E1C29E1-59D2-4E3D-9FDA-0E8DEF8CD24C}.Release|Any CPU.Build.0 = Release|Any CPU
		{2E1C29E1-59D2-4E3D-9FDA-0E8DEF8CD24C}.Release|Any CPU.Deploy.0 = Release|Any CPU
	EndGlobalSection
	GlobalSection(SolutionProperties) = preSolution
		HideSolutionNode = FALSE
	EndGlobalSection
	GlobalSection(ExtensibilityGlobals) = postSolution
		SolutionGuid = {19BB0729-0F22-41D8-B41E-4442BEF4B5E8}
	EndGlobalSection
EndGlobal
